github.com/99designs/go-keychain v0.0.0-20191008050251-8e49817e8af4 h1:/vQbFIOMbk2FiG/kXiLl8BRyzTWDw7gX/Hz7Dd5eDMs=
github.com/99designs/go-keychain v0.0.0-20191008050251-8e49817e8af4/go.mod h1:hN7oaIRCjzsZ2dE+yG5k+rsdt3qcwykqK6HVGcKwsw4=
github.com/alecthomas/kingpin/v2 v2.4.0 h1:f48lwail6p8zpO1bC4TxtqACaGqHYA22qkHjHpqDjYY=
github.com/alecthomas/kingpin/v2 v2.4.0/go.mod h1:0gyi0zQnjuFk8xrkNKamJoyUo382HRL7ATRpFZCw6tE=
github.com/alecthomas/units v0.0.0-20211218093645-b94a6e3cc137 h1:s6gZFSlWYmbqAuRjVTiNNhvNRfY2Wxp9nhfyel4rklc=
github.com/alecthomas/units v0.0.0-20211218093645-b94a6e3cc137/go.mod h1:OMCwj8VM1Kc9e19TLln2VL61YJF0x1XFtfdL4JdbSyE=
github.com/aws/aws-sdk-go-v2 v1.38.2 h1:QUkLO1aTW0yqW95pVzZS0LGFanL71hJ0a49w4TJLMyM=
github.com/aws/aws-sdk-go-v2 v1.38.2/go.mod h1:sDioUELIUO9Znk23YVmIk86/9DOpkbyyVb1i/gUNFXY=
github.com/aws/aws-sdk-go-v2/config v1.31.5 h1:wsZr2kq1XeKU/D2QDcW5xEB1zHPdHAuQqnR0yaygAQQ=
github.com/aws/aws-sdk-go-v2/config v1.31.5/go.mod h1:IpXejRuSIyOSCyT4BomfIJ5gWRcDoX/NJaAHh9Cp8jE=
github.com/aws/aws-sdk-go-v2/credentials v1.18.9 h1:zKrnPtmO7j2FpMqudayjCzNxyO8KtPQGCIzqEosKQbg=
github.com/aws/aws-sdk-go-v2/credentials v1.18.9/go.mod h1:gAotjkj0roLrwvBxECN1Q8ILfkVsw3Ntph6FP1LnZ8Q=
github.com/aws/aws-sdk-go-v2/feature/ec2/imds v1.18.5 h1:ul7hICbZ5Z/Pp9VnLVGUVe7rqYLXCyIiPU7hQ0sRkow=
github.com/aws/aws-sdk-go-v2/feature/ec2/imds v1.18.5/go.mod h1:5cIWJ0N6Gjj+72Q6l46DeaNtcxXHV42w/Uq3fIfeUl4=
github.com/aws/aws-sdk-go-v2/internal/configsources v1.4.5 h1:d45S2DqHZOkHu0uLUW92VdBoT5v0hh3EyR+DzMEh3ag=
github.com/aws/aws-sdk-go-v2/internal/configsources v1.4.5/go.mod h1:G6e/dR2c2huh6JmIo9SXysjuLuDDGWMeYGibfW2ZrXg=
github.com/aws/aws-sdk-go-v2/internal/endpoints/v2 v2.7.5 h1:ENhnQOV3SxWHplOqNN1f+uuCNf9n4Y/PKpl6b1WRP0Q=
github.com/aws/aws-sdk-go-v2/internal/endpoints/v2 v2.7.5/go.mod h1:csQLMI+odbC0/J+UecSTztG70Dc4aTCOu4GyPNDNpVo=
github.com/aws/aws-sdk-go-v2/internal/ini v1.8.3 h1:bIqFDwgGXXN1Kpp99pDOdKMTTb5d2KyU5X/BZxjOkRo=
github.com/aws/aws-sdk-go-v2/internal/ini v1.8.3/go.mod h1:H5O/EsxDWyU+LP/V8i5sm8cxoZgc2fdNR9bxlOFrQTo=
github.com/aws/aws-sdk-go-v2/service/iam v1.47.2 h1:lzq4ClQdh3BHTp/4yuBvn4iki0ZNRVkmQyMU+lYBXFs=
github.com/aws/aws-sdk-go-v2/service/iam v1.47.2/go.mod h1:18ZptgKWI7Yr/idQYgpEBMy56ccJwx1vqvQD0MscBJw=
github.com/aws/aws-sdk-go-v2/service/internal/accept-encoding v1.13.1 h1:oegbebPEMA/1Jny7kvwejowCaHz1FWZAQ94WXFNCyTM=
github.com/aws/aws-sdk-go-v2/service/internal/accept-encoding v1.13.1/go.mod h1:kemo5Myr9ac0U9JfSjMo9yHLtw+pECEHsFtJ9tqCEI8=
github.com/aws/aws-sdk-go-v2/service/internal/presigned-url v1.13.5 h1:Cx1M/UUgYu9UCQnIMKaOhkVaFvLy1HneD6T4sS/DlKg=
github.com/aws/aws-sdk-go-v2/service/internal/presigned-url v1.13.5/go.mod h1:fTRNLgrTvPpEzGqc9QkeO4hu/3ng+mdtUbL8shUwXz4=
github.com/aws/aws-sdk-go-v2/service/sso v1.29.0 h1:H4QPAHLE1bHSQrZV6Hz+CPpJG+Mtf+rkl6NFb/Y7sv8=
github.com/aws/aws-sdk-go-v2/service/sso v1.29.0/go.mod h1:BnyjuIX0l+KXJVl2o9Ki3Zf0M4pA2hQYopFCRUj9ADU=
github.com/aws/aws-sdk-go-v2/service/ssooidc v1.34.1 h1:8yI3jK5JZ310S8RpgdZdzwvlvBu3QbG8DP7Be/xJ6yo=
github.com/aws/aws-sdk-go-v2/service/ssooidc v1.34.1/go.mod h1:HPzXfFgrLd02lYpcFYdDz5xZs94LOb+lWlvbAGaeMsk=
github.com/aws/aws-sdk-go-v2/service/sts v1.38.1 h1:3kWmIg5iiWPMBJyq/I55Fki5fyfoMtrn/SkUIpxPwHQ=
github.com/aws/aws-sdk-go-v2/service/sts v1.38.1/go.mod h1:yi0b3Qez6YamRVJ+Rbi19IgvjfjPODgVRhkWA6RTMUM=
github.com/aws/smithy-go v1.23.0 h1:8n6I3gXzWJB2DxBDnfxgBaSX6oe0d/t10qGz7OKqMCE=
github.com/aws/smithy-go v1.23.0/go.mod h1:t1ufH5HMublsJYulve2RKmHDC15xu1f26kHCp/HgceI=
github.com/danieljoos/wincred v1.2.2 h1:774zMFJrqaeYCK2W57BgAem/MLi6mtSE47MB6BOJ0i0=
github.com/danieljoos/wincred v1.2.2/go.mod h1:w7w4Utbrz8lqeMbDAK0lkNJUv5sAOkFi7nd/ogr0Uh8=
github.com/davecgh/go-spew v1.1.0/go.mod h1:J7Y8YcW2NihsgmVo/mv3lAwl/skON4iLHjSsI+c5H38=
github.com/davecgh/go-spew v1.1.1 h1:vj9j/u1bqnvCEfJOwUhtlOARqs3+rkHYY13jYWTU97c=
github.com/davecgh/go-spew v1.1.1/go.mod h1:J7Y8YcW2NihsgmVo/mv3lAwl/skON4iLHjSsI+c5H38=
github.com/dvsekhvalnov/jose2go v1.8.0 h1:LqkkVKAlHFfH9LOEl5fe4p/zL02OhWE7pCufMBG2jLA=
github.com/dvsekhvalnov/jose2go v1.8.0/go.mod h1:QsHjhyTlD/lAVqn/NSbVZmSCGeDehTB/mPZadG+mhXU=
github.com/godbus/dbus v0.0.0-20190726142602-4481cbc300e2 h1:ZpnhV/YsD2/4cESfV5+Hoeu/iUR3ruzNvZ+yQfO03a0=
github.com/godbus/dbus v0.0.0-20190726142602-4481cbc300e2/go.mod h1:bBOAhwG1umN6/6ZUMtDFBMQR8jRg9O75tm9K00oMsK4=
github.com/google/go-cmp v0.7.0 h1:wk8382ETsv4JYUZwIsn6YpYiWiBsYLSJiTsyBybVuN8=
github.com/google/go-cmp v0.7.0/go.mod h1:pXiqmnSA92OHEEa9HXL2W4E7lf9JzCmGVUdgjX3N/iU=
github.com/gsterjov/go-libsecret v0.0.0-20161001094733-a6f4afe4910c h1:6rhixN/i8ZofjG1Y75iExal34USq5p+wiN1tpie8IrU=
github.com/gsterjov/go-libsecret v0.0.0-20161001094733-a6f4afe4910c/go.mod h1:NMPJylDgVpX0MLRlPy15sqSwOFv/U1GZ2m21JhFfek0=
github.com/kr/pty v1.1.1/go.mod h1:pFQYn66WHrOpPYNljwOMqo10TkYh1fy3cYio2l3bCsQ=
github.com/kr/text v0.1.0 h1:45sCR5RtlFHMR4UwH9sdQ5TC8v0qDQCHnXt+kaKSTVE=
github.com/kr/text v0.1.0/go.mod h1:4Jbv+DJW3UT/LiOwJeYQe1efqtUx/iVham/4vfdArNI=
github.com/mattn/go-isatty v0.0.20 h1:xfD0iDuEKnDkl03q4limB+vH+GxLEtL/jb4xVJSWWEY=
github.com/mattn/go-isatty v0.0.20/go.mod h1:W+V8PltTTMOvKvAeJH7IuucS94S2C6jfK/D7dTCTo3Y=
github.com/mattn/go-tty v0.0.7 h1:KJ486B6qI8+wBO7kQxYgmmEFDaFEE96JMBQ7h400N8Q=
github.com/mattn/go-tty v0.0.7/go.mod h1:f2i5ZOvXBU/tCABmLmOfzLz9azMo5wdAaElRNnJKr+k=
github.com/mtibben/percent v0.2.1 h1:5gssi8Nqo8QU/r2pynCm+hBQHpkB/uNK7BJCFogWdzs=
github.com/mtibben/percent v0.2.1/go.mod h1:KG9uO+SZkUp+VkRHsCdYQV3XSZrrSpR3O9ibNBTZrns=
github.com/niemeyer/pretty v0.0.0-20200227124842-a10e7caefd8e h1:fD57ERR4JtEqsWbfPhv4DMiApHyliiK5xCTNVSPiaAs=
github.com/niemeyer/pretty v0.0.0-20200227124842-a10e7caefd8e/go.mod h1:zD1mROLANZcx1PVRCS0qkT7pwLkGfwJo4zjcN/Tysno=
github.com/pmezard/go-difflib v1.0.0 h1:4DBwDE0NGyQoBHbLQYPwSUPoCMWR5BEzIk/f1lZbAQM=
github.com/pmezard/go-difflib v1.0.0/go.mod h1:iKH77koFhYxTK1pcRnkKkqfTogsbg7gZNVY4sRDYZ/4=
github.com/skratchdot/open-golang v0.0.0-20200116055534-eef842397966 h1:JIAuq3EEf9cgbU6AtGPK4CTG3Zf6CKMNqf0MHTggAUA=
github.com/skratchdot/open-golang v0.0.0-20200116055534-eef842397966/go.mod h1:sUM3LWHvSMaG192sy56D9F7CNvL7jUJVXoqM1QKLnog=
github.com/stretchr/objx v0.1.0/go.mod h1:HFkY916IF+rwdDfMAkV7OtwuqBVzrE8GR6GFx+wExME=
github.com/stretchr/objx v0.5.2 h1:xuMeJ0Sdp5ZMRXx/aWO6RZxdr3beISkG5/G/aIRr3pY=
github.com/stretchr/objx v0.5.2/go.mod h1:FRsXN1f5AsAjCGJKqEizvkpNtU+EGNCLh3NxZ/8L+MA=
github.com/stretchr/testify v1.4.0/go.mod h1:j7eGeouHqKxXV5pUuKE4zz7dFj8WfuZ+81PSLYec5m4=
github.com/stretchr/testify v1.10.0 h1:Xv5erBjTwe/5IxqUQTdXv5kgmIvbHo3QQyRwhJsOfJA=
github.com/stretchr/testify v1.10.0/go.mod h1:r2ic/lqez/lEtzL7wO/rwa5dbSLXVDPFyf8C91i36aY=
github.com/vincentclee/keyring/v2 v2.0.1 h1:gSS1Qj9IAW2PcwXopaJMz/GEAUVuu0x47q/AmR8ZoQ4=
github.com/vincentclee/keyring/v2 v2.0.1/go.mod h1:wGXxlaNV9keKgYpVl/SrB1UutbbZEukEagELxXV7r2o=
github.com/xhit/go-str2duration/v2 v2.1.0 h1:lxklc02Drh6ynqX+DdPyp5pCKLUQpRT8bp8Ydu2Bstc=
github.com/xhit/go-str2duration/v2 v2.1.0/go.mod h1:ohY8p+0f07DiV6Em5LKB0s2YpLtXVyJfNt1+BlmyAsU=
golang.org/x/sys v0.6.0/go.mod h1:oPkhp1MJrh7nUepCBck5+mAzfO9JrbApNNgaTdGDITg=
golang.org/x/sys v0.35.0 h1:vz1N37gP5bs89s7He8XuIYXpyY0+QlsKmzipCbUtyxI=
golang.org/x/sys v0.35.0/go.mod h1:BJP2sWEmIv4KK5OTEluFJCKSidICx8ciO85XgH3Ak8k=
golang.org/x/term v0.34.0 h1:O/2T7POpk0ZZ7MAzMeWFSg6S5IpWd/RXDlM9hgM3DR4=
golang.org/x/term v0.34.0/go.mod h1:5jC53AEywhIVebHgPVeg0mj8OD3VO9OzclacVrqpaAw=
gopkg.in/check.v1 v0.0.0-20161208181325-20d25e280405/go.mod h1:Co6ibVJAznAaIkqp8huTwlJQCZ016jof/cbN4VW5Yz0=
gopkg.in/check.v1 v1.0.0-20200902074654-038fdea0a05b h1:QRR6H1YWRnHb4Y/HeNFCTJLFVxaq6wH4YuVdsUOr75U=
gopkg.in/check.v1 v1.0.0-20200902074654-038fdea0a05b/go.mod h1:Co6ibVJAznAaIkqp8huTwlJQCZ016jof/cbN4VW5Yz0=
gopkg.in/ini.v1 v1.67.0 h1:Dgnx+6+nfE+IfzjUEISNeydPJh9AXNNsWbGP9KzCsOA=
gopkg.in/ini.v1 v1.67.0/go.mod h1:pNLf8WUiyNEtQjuu5G5vTm06TEv9tsIgeAvK8hOrP4k=
gopkg.in/yaml.v2 v2.2.2/go.mod h1:hI93XBmqTisBFMUTm0b8Fm+jr3Dg1NNxqwp+5A1VGuI=
gopkg.in/yaml.v3 v3.0.1 h1:fxVm/GzAzEWqLHuvctI91KS9hhNmmWOoWu0XTYJS7CA=
gopkg.in/yaml.v3 v3.0.1/go.mod h1:K4uyk7z7BCEPqu6E+C64Yfv1cQ7kz7rIZviUmN+EgEM=
